// !$*UTF8*$!
{
	archiveVersion = 1;
	classes = {
	};
	objectVersion = 46;
	objects = {

/* Begin PBXBuildFile section */
		A57297FA1F2F255400586ACD /* AppDelegate.swift in Sources */ = {isa = PBXBuildFile; fileRef = A57297F91F2F255400586ACD /* AppDelegate.swift */; };
		A57297FF1F2F255400586ACD /* Main.storyboard in Resources */ = {isa = PBXBuildFile; fileRef = A57297FD1F2F255400586ACD /* Main.storyboard */; };
		A57298011F2F255400586ACD /* Assets.xcassets in Resources */ = {isa = PBXBuildFile; fileRef = A57298001F2F255400586ACD /* Assets.xcassets */; };
		A57298041F2F255400586ACD /* LaunchScreen.storyboard in Resources */ = {isa = PBXBuildFile; fileRef = A57298021F2F255400586ACD /* LaunchScreen.storyboard */; };
		A572980C1F2F25D500586ACD /* PhotosViewController.swift in Sources */ = {isa = PBXBuildFile; fileRef = A572980B1F2F25D500586ACD /* PhotosViewController.swift */; };
		A572980E1F2F282600586ACD /* FlickrAPI.swift in Sources */ = {isa = PBXBuildFile; fileRef = A572980D1F2F282600586ACD /* FlickrAPI.swift */; };
		A57298101F2F3CBF00586ACD /* PhotoStore.swift in Sources */ = {isa = PBXBuildFile; fileRef = A572980F1F2F3CBF00586ACD /* PhotoStore.swift */; };
		A57298121F2F427E00586ACD /* Photo.swift in Sources */ = {isa = PBXBuildFile; fileRef = A57298111F2F427E00586ACD /* Photo.swift */; };
		A57298141F2F55C500586ACD /* PhotoDataSource.swift in Sources */ = {isa = PBXBuildFile; fileRef = A57298131F2F55C500586ACD /* PhotoDataSource.swift */; };
		A57298161F2F577F00586ACD /* PhotoCollectionViewCell.swift in Sources */ = {isa = PBXBuildFile; fileRef = A57298151F2F577F00586ACD /* PhotoCollectionViewCell.swift */; };
		A57298181F2F5D2000586ACD /* PhotoInfoViewController.swift in Sources */ = {isa = PBXBuildFile; fileRef = A57298171F2F5D2000586ACD /* PhotoInfoViewController.swift */; };
		A572981A1F2F5F9E00586ACD /* PhotoCollectionViewLayout.swift in Sources */ = {isa = PBXBuildFile; fileRef = A57298191F2F5F9E00586ACD /* PhotoCollectionViewLayout.swift */; };
/* End PBXBuildFile section */

/* Begin PBXFileReference section */
		A57297F61F2F255400586ACD /* Photorama.app */ = {isa = PBXFileReference; explicitFileType = wrapper.application; includeInIndex = 0; path = Photorama.app; sourceTree = BUILT_PRODUCTS_DIR; };
		A57297F91F2F255400586ACD /* AppDelegate.swift */ = {isa = PBXFileReference; lastKnownFileType = sourcecode.swift; path = AppDelegate.swift; sourceTree = "<group>"; };
		A57297FE1F2F255400586ACD /* Base */ = {isa = PBXFileReference; lastKnownFileType = file.storyboard; name = Base; path = Base.lproj/Main.storyboard; sourceTree = "<group>"; };
		A57298001F2F255400586ACD /* Assets.xcassets */ = {isa = PBXFileReference; lastKnownFileType = folder.assetcatalog; path = Assets.xcassets; sourceTree = "<group>"; };
		A57298031F2F255400586ACD /* Base */ = {isa = PBXFileReference; lastKnownFileType = file.storyboard; name = Base; path = Base.lproj/LaunchScreen.storyboard; sourceTree = "<group>"; };
		A57298051F2F255400586ACD /* Info.plist */ = {isa = PBXFileReference; lastKnownFileType = text.plist.xml; path = Info.plist; sourceTree = "<group>"; };
		A572980B1F2F25D500586ACD /* PhotosViewController.swift */ = {isa = PBXFileReference; fileEncoding = 4; lastKnownFileType = sourcecode.swift; path = PhotosViewController.swift; sourceTree = "<group>"; };
		A572980D1F2F282600586ACD /* FlickrAPI.swift */ = {isa = PBXFileReference; fileEncoding = 4; lastKnownFileType = sourcecode.swift; path = FlickrAPI.swift; sourceTree = "<group>"; };
		A572980F1F2F3CBF00586ACD /* PhotoStore.swift */ = {isa = PBXFileReference; fileEncoding = 4; lastKnownFileType = sourcecode.swift; path = PhotoStore.swift; sourceTree = "<group>"; };
		A57298111F2F427E00586ACD /* Photo.swift */ = {isa = PBXFileReference; fileEncoding = 4; lastKnownFileType = sourcecode.swift; path = Photo.swift; sourceTree = "<group>"; };
		A57298131F2F55C500586ACD /* PhotoDataSource.swift */ = {isa = PBXFileReference; fileEncoding = 4; lastKnownFileType = sourcecode.swift; path = PhotoDataSource.swift; sourceTree = "<group>"; };
		A57298151F2F577F00586ACD /* PhotoCollectionViewCell.swift */ = {isa = PBXFileReference; fileEncoding = 4; lastKnownFileType = sourcecode.swift; path = PhotoCollectionViewCell.swift; sourceTree = "<group>"; };
		A57298171F2F5D2000586ACD /* PhotoInfoViewController.swift */ = {isa = PBXFileReference; fileEncoding = 4; lastKnownFileType = sourcecode.swift; path = PhotoInfoViewController.swift; sourceTree = "<group>"; };
		A57298191F2F5F9E00586ACD /* PhotoCollectionViewLayout.swift */ = {isa = PBXFileReference; fileEncoding = 4; lastKnownFileType = sourcecode.swift; path = PhotoCollectionViewLayout.swift; sourceTree = "<group>"; };
/* End PBXFileReference section */

/* Begin PBXFrameworksBuildPhase section */
		A57297F31F2F255400586ACD /* Frameworks */ = {
			isa = PBXFrameworksBuildPhase;
			buildActionMask = 2147483647;
			files = (
			);
			runOnlyForDeploymentPostprocessing = 0;
		};
/* End PBXFrameworksBuildPhase section */

/* Begin PBXGroup section */
		A57297ED1F2F255400586ACD = {
			isa = PBXGroup;
			children = (
				A57297F81F2F255400586ACD /* Photorama */,
				A57297F71F2F255400586ACD /* Products */,
			);
			sourceTree = "<group>";
		};
		A57297F71F2F255400586ACD /* Products */ = {
			isa = PBXGroup;
			children = (
				A57297F61F2F255400586ACD /* Photorama.app */,
			);
			name = Products;
			sourceTree = "<group>";
		};
		A57297F81F2F255400586ACD /* Photorama */ = {
			isa = PBXGroup;
			children = (
				A57297F91F2F255400586ACD /* AppDelegate.swift */,
				A572980B1F2F25D500586ACD /* PhotosViewController.swift */,
				A57298191F2F5F9E00586ACD /* PhotoCollectionViewLayout.swift */,
				A57298151F2F577F00586ACD /* PhotoCollectionViewCell.swift */,
				A57298131F2F55C500586ACD /* PhotoDataSource.swift */,
				A57298171F2F5D2000586ACD /* PhotoInfoViewController.swift */,
				A572980D1F2F282600586ACD /* FlickrAPI.swift */,
				A57298111F2F427E00586ACD /* Photo.swift */,
				A572980F1F2F3CBF00586ACD /* PhotoStore.swift */,
				A57297FD1F2F255400586ACD /* Main.storyboard */,
				A57298001F2F255400586ACD /* Assets.xcassets */,
				A57298021F2F255400586ACD /* LaunchScreen.storyboard */,
				A57298051F2F255400586ACD /* Info.plist */,
			);
			path = Photorama;
			sourceTree = "<group>";
		};
/* End PBXGroup section */

/* Begin PBXNativeTarget section */
		A57297F51F2F255400586ACD /* Photorama */ = {
			isa = PBXNativeTarget;
			buildConfigurationList = A57298081F2F255400586ACD /* Build configuration list for PBXNativeTarget "Photorama" */;
			buildPhases = (
				A57297F21F2F255400586ACD /* Sources */,
				A57297F31F2F255400586ACD /* Frameworks */,
				A57297F41F2F255400586ACD /* Resources */,
			);
			buildRules = (
			);
			dependencies = (
			);
			name = Photorama;
			productName = Photorama;
			productReference = A57297F61F2F255400586ACD /* Photorama.app */;
			productType = "com.apple.product-type.application";
		};
/* End PBXNativeTarget section */

/* Begin PBXProject section */
		A57297EE1F2F255400586ACD /* Project object */ = {
			isa = PBXProject;
			attributes = {
				LastSwiftUpdateCheck = 0830;
				LastUpgradeCheck = 0830;
				ORGANIZATIONNAME = "YJH Studio";
				TargetAttributes = {
					A57297F51F2F255400586ACD = {
						CreatedOnToolsVersion = 8.3.3;
						DevelopmentTeam = REPXTXVF2V;
						ProvisioningStyle = Automatic;
					};
				};
			};
			buildConfigurationList = A57297F11F2F255400586ACD /* Build configuration list for PBXProject "Photorama" */;
			compatibilityVersion = "Xcode 3.2";
			developmentRegion = English;
			hasScannedForEncodings = 0;
			knownRegions = (
				en,
				Base,
			);
			mainGroup = A57297ED1F2F255400586ACD;
			productRefGroup = A57297F71F2F255400586ACD /* Products */;
			projectDirPath = "";
			projectRoot = "";
			targets = (
				A57297F51F2F255400586ACD /* Photorama */,
			);
		};
/* End PBXProject section */

/* Begin PBXResourcesBuildPhase section */
		A57297F41F2F255400586ACD /* Resources */ = {
			isa = PBXResourcesBuildPhase;
			buildActionMask = 2147483647;
			files = (
				A57298041F2F255400586ACD /* LaunchScreen.storyboard in Resources */,
				A57298011F2F255400586ACD /* Assets.xcassets in Resources */,
				A57297FF1F2F255400586ACD /* Main.storyboard in Resources */,
			);
			runOnlyForDeploymentPostprocessing = 0;
		};
/* End PBXResourcesBuildPhase section */

/* Begin PBXSourcesBuildPhase section */
		A57297F21F2F255400586ACD /* Sources */ = {
			isa = PBXSourcesBuildPhase;
			buildActionMask = 2147483647;
			files = (
				A572981A1F2F5F9E00586ACD /* PhotoCollectionViewLayout.swift in Sources */,
				A572980E1F2F282600586ACD /* FlickrAPI.swift in Sources */,
				A572980C1F2F25D500586ACD /* PhotosViewController.swift in Sources */,
				A57298101F2F3CBF00586ACD /* PhotoStore.swift in Sources */,
				A57298141F2F55C500586ACD /* PhotoDataSource.swift in Sources */,
				A57298161F2F577F00586ACD /* PhotoCollectionViewCell.swift in Sources */,
				A57298181F2F5D2000586ACD /* PhotoInfoViewController.swift in Sources */,
				A57297FA1F2F255400586ACD /* AppDelegate.swift in Sources */,
				A57298121F2F427E00586ACD /* Photo.swift in Sources */,
			);
			runOnlyForDeploymentPostprocessing = 0;
		};
/* End PBXSourcesBuildPhase section */

/* Begin PBXVariantGroup section */
		A57297FD1F2F255400586ACD /* Main.storyboard */ = {
			isa = PBXVariantGroup;
			children = (
				A57297FE1F2F255400586ACD /* Base */,
			);
			name = Main.storyboard;
			sourceTree = "<group>";
		};
		A57298021F2F255400586ACD /* LaunchScreen.storyboard */ = {
			isa = PBXVariantGroup;
			children = (
				A57298031F2F255400586ACD /* Base */,
			);
			name = LaunchScreen.storyboard;
			sourceTree = "<group>";
		};
/* End PBXVariantGroup section */

/* Begin XCBuildConfiguration section */
		A57298061F2F255400586ACD /* Debug */ = {
			isa = XCBuildConfiguration;
			buildSettings = {
				ALWAYS_SEARCH_USER_PATHS = NO;
				CLANG_ANALYZER_NONNULL = YES;
				CLANG_ANALYZER_NUMBER_OBJECT_CONVERSION = YES_AGGRESSIVE;
				CLANG_CXX_LANGUAGE_STANDARD = "gnu++0x";
				CLANG_CXX_LIBRARY = "libc++";
				CLANG_ENABLE_MODULES = YES;
				CLANG_ENABLE_OBJC_ARC = YES;
				CLANG_WARN_BOOL_CONVERSION = YES;
				CLANG_WARN_CONSTANT_CONVERSION = YES;
				CLANG_WARN_DIRECT_OBJC_ISA_USAGE = YES_ERROR;
				CLANG_WARN_DOCUMENTATION_COMMENTS = YES;
				CLANG_WARN_EMPTY_BODY = YES;
				CLANG_WARN_ENUM_CONVERSION = YES;
				CLANG_WARN_INFINITE_RECURSION = YES;
				CLANG_WARN_INT_CONVERSION = YES;
				CLANG_WARN_OBJC_ROOT_CLASS = YES_ERROR;
				CLANG_WARN_SUSPICIOUS_MOVE = YES;
				CLANG_WARN_UNREACHABLE_CODE = YES;
				CLANG_WARN__DUPLICATE_METHOD_MATCH = YES;
				"CODE_SIGN_IDENTITY[sdk=iphoneos*]" = "iPhone Developer";
				COPY_PHASE_STRIP = NO;
				DEBUG_INFORMATION_FORMAT = dwarf;
				ENABLE_STRICT_OBJC_MSGSEND = YES;
				ENABLE_TESTABILITY = YES;
				GCC_C_LANGUAGE_STANDARD = gnu99;
				GCC_DYNAMIC_NO_PIC = NO;
				GCC_NO_COMMON_BLOCKS = YES;
				GCC_OPTIMIZATION_LEVEL = 0;
				GCC_PREPROCESSOR_DEFINITIONS = (
					"DEBUG=1",
					"$(inherited)",
				);
				GCC_WARN_64_TO_32_BIT_CONVERSION = YES;
				GCC_WARN_ABOUT_RETURN_TYPE = YES_ERROR;
				GCC_WARN_UNDECLARED_SELECTOR = YES;
				GCC_WARN_UNINITIALIZED_AUTOS = YES_AGGRESSIVE;
				GCC_WARN_UNUSED_FUNCTION = YES;
				GCC_WARN_UNUSED_VARIABLE = YES;
				IPHONEOS_DEPLOYMENT_TARGET = 10.3;
				MTL_ENABLE_DEBUG_INFO = YES;
				ONLY_ACTIVE_ARCH = YES;
				SDKROOT = iphoneos;
				SWIFT_ACTIVE_COMPILATION_CONDITIONS = DEBUG;
				SWIFT_OPTIMIZATION_LEVEL = "-Onone";
			};
			name = Debug;
		};
		A57298071F2F255400586ACD /* Release */ = {
			isa = XCBuildConfiguration;
			buildSettings = {
				ALWAYS_SEARCH_USER_PATHS = NO;
				CLANG_ANALYZER_NONNULL = YES;
				CLANG_ANALYZER_NUMBER_OBJECT_CONVERSION = YES_AGGRESSIVE;
				CLANG_CXX_LANGUAGE_STANDARD = "gnu++0x";
				CLANG_CXX_LIBRARY = "libc++";
				CLANG_ENABLE_MODULES = YES;
				CLANG_ENABLE_OBJC_ARC = YES;
				CLANG_WARN_BOOL_CONVERSION = YES;
				CLANG_WARN_CONSTANT_CONVERSION = YES;
				CLANG_WARN_DIRECT_OBJC_ISA_USAGE = YES_ERROR;
				CLANG_WARN_DOCUMENTATION_COMMENTS = YES;
				CLANG_WARN_EMPTY_BODY = YES;
				CLANG_WARN_ENUM_CONVERSION = YES;
				CLANG_WARN_INFINITE_RECURSION = YES;
				CLANG_WARN_INT_CONVERSION = YES;
				CLANG_WARN_OBJC_ROOT_CLASS = YES_ERROR;
				CLANG_WARN_SUSPICIOUS_MOVE = YES;
				CLANG_WARN_UNREACHABLE_CODE = YES;
				CLANG_WARN__DUPLICATE_METHOD_MATCH = YES;
				"CODE_SIGN_IDENTITY[sdk=iphoneos*]" = "iPhone Developer";
				COPY_PHASE_STRIP = NO;
				DEBUG_INFORMATION_FORMAT = "dwarf-with-dsym";
				ENABLE_NS_ASSERTIONS = NO;
				ENABLE_STRICT_OBJC_MSGSEND = YES;
				GCC_C_LANGUAGE_STANDARD = gnu99;
				GCC_NO_COMMON_BLOCKS = YES;
				GCC_WARN_64_TO_32_BIT_CONVERSION = YES;
				GCC_WARN_ABOUT_RETURN_TYPE = YES_ERROR;
				GCC_WARN_UNDECLARED_SELECTOR = YES;
				GCC_WARN_UNINITIALIZED_AUTOS = YES_AGGRESSIVE;
				GCC_WARN_UNUSED_FUNCTION = YES;
				GCC_WARN_UNUSED_VARIABLE = YES;
				IPHONEOS_DEPLOYMENT_TARGET = 10.3;
				MTL_ENABLE_DEBUG_INFO = NO;
				SDKROOT = iphoneos;
				SWIFT_OPTIMIZATION_LEVEL = "-Owholemodule";
				VALIDATE_PRODUCT = YES;
			};
			name = Release;
		};
		A57298091F2F255400586ACD /* Debug */ = {
			isa = XCBuildConfiguration;
			buildSettings = {
				ASSETCATALOG_COMPILER_APPICON_NAME = AppIcon;
				DEVELOPMENT_TEAM = REPXTXVF2V;
				INFOPLIST_FILE = Photorama/Info.plist;
				LD_RUNPATH_SEARCH_PATHS = "$(inherited) @executable_path/Frameworks";
				PRODUCT_BUNDLE_IDENTIFIER = com.yjh.Photorama;
				PRODUCT_NAME = "$(TARGET_NAME)";
				SWIFT_VERSION = 3.0;
			};
			name = Debug;
		};
		A572980A1F2F255400586ACD /* Release */ = {
			isa = XCBuildConfiguration;
			buildSettings = {
				ASSETCATALOG_COMPILER_APPICON_NAME = AppIcon;
				DEVELOPMENT_TEAM = REPXTXVF2V;
				INFOPLIST_FILE = Photorama/Info.plist;
				LD_RUNPATH_SEARCH_PATHS = "$(inherited) @executable_path/Frameworks";
				PRODUCT_BUNDLE_IDENTIFIER = com.yjh.Photorama;
				PRODUCT_NAME = "$(TARGET_NAME)";
				SWIFT_VERSION = 3.0;
			};
			name = Release;
		};
/* End XCBuildConfiguration section */

/* Begin XCConfigurationList section */
		A57297F11F2F255400586ACD /* Build configuration list for PBXProject "Photorama" */ = {
			isa = XCConfigurationList;
			buildConfigurations = (
				A57298061F2F255400586ACD /* Debug */,
				A57298071F2F255400586ACD /* Release */,
			);
			defaultConfigurationIsVisible = 0;
			defaultConfigurationName = Release;
		};
		A57298081F2F255400586ACD /* Build configuration list for PBXNativeTarget "Photorama" */ = {
			isa = XCConfigurationList;
			buildConfigurations = (
				A57298091F2F255400586ACD /* Debug */,
				A572980A1F2F255400586ACD /* Release */,
			);
			defaultConfigurationIsVisible = 0;
			defaultConfigurationName = Release;
		};
/* End XCConfigurationList section */
	};
	rootObject = A57297EE1F2F255400586ACD /* Project object */;
}
